
Microsoft Visual Studio Solution File, Format Version 12.00
# Visual Studio Version 16
VisualStudioVersion = 16.0.30711.63
MinimumVisualStudioVersion = 10.0.40219.1
Project("{9A19103F-16F7-4668-BE54-9A1E7A4F7556}") = "01.CreatingAndStartingTasks", "01.CreatingAndStartingTasks\01.CreatingAndStartingTasks.csproj", "{94B7B629-1359-4AC3-AFBB-ACB9B1A8C16A}"
EndProject
Project("{9A19103F-16F7-4668-BE54-9A1E7A4F7556}") = "02.CancellingTasks", "02.CancellingTasks\02.CancellingTasks.csproj", "{9D88855F-7575-4982-90CD-84F192897BFC}"
EndProject
Project("{9A19103F-16F7-4668-BE54-9A1E7A4F7556}") = "03.WaitingForTimeToPass", "03.WaitingForTimeToPass\03.WaitingForTimeToPass.csproj", "{4166EBAA-B227-4669-82DC-F16B66270456}"
EndProject
Project("{9A19103F-16F7-4668-BE54-9A1E7A4F7556}") = "04.ExceptionHandlingOfTasks", "04.ExceptionHandlingOfTasks\04.ExceptionHandlingOfTasks.csproj", "{22CEBC67-482E-4566-9756-69AC762CA026}"
EndProject
Project("{9A19103F-16F7-4668-BE54-9A1E7A4F7556}") = "05.CriticalSelections", "05.CriticalSelections\05.CriticalSelections.csproj", "{0EDA072B-4FEB-4713-BBCE-AC64097A0DD1}"
EndProject
Project("{9A19103F-16F7-4668-BE54-9A1E7A4F7556}") = "06.SpinLocking", "06.SpinLocking\06.SpinLocking.csproj", "{9B5D91B5-0B35-45BD-A605-969AD3B70D0D}"
EndProject
Project("{9A19103F-16F7-4668-BE54-9A1E7A4F7556}") = "07.MutexExamples", "07.MutexExamples\07.MutexExamples.csproj", "{E7E44C39-4C7C-45D4-A8A6-96DC38E97023}"
EndProject
Project("{9A19103F-16F7-4668-BE54-9A1E7A4F7556}") = "08.ReaderWriterLocksExample", "08.ReaderWriterLocksExample\08.ReaderWriterLocksExample.csproj", "{F65396A0-5BBC-498A-B046-D4CB588974C2}"
EndProject
Project("{9A19103F-16F7-4668-BE54-9A1E7A4F7556}") = "09.ConcurrentDictionary", "09.ConcurrentDictionary\09.ConcurrentDictionary.csproj", "{F9D29D4F-A46E-4B42-9E8C-D9FD23E93A51}"
EndProject
Project("{9A19103F-16F7-4668-BE54-9A1E7A4F7556}") = "10.ConcurrentQueueAndStack", "10.ConcurrentQueueAndStack\10.ConcurrentQueueAndStack.csproj", "{DBC5AC7C-D11F-4E68-A7C6-D97964D4D3EF}"
EndProject
Project("{9A19103F-16F7-4668-BE54-9A1E7A4F7556}") = "11.BlockingCollection", "11.BlockingCollection\11.BlockingCollection.csproj", "{8C246F3B-759B-4C53-B8FE-17CA7CFF4E58}"
EndProject
Project("{9A19103F-16F7-4668-BE54-9A1E7A4F7556}") = "12.ContinuationsAndChildTasks", "12.ContinuationsAndChildTasks\12.ContinuationsAndChildTasks.csproj", "{53A61282-ED28-4EA9-BD67-72EE0CCE0B7D}"
EndProject
Project("{9A19103F-16F7-4668-BE54-9A1E7A4F7556}") = "13.BarrierAndCountDownEvents", "13.BarrierAndCountDownEvents\13.BarrierAndCountDownEvents.csproj", "{9DC45D2D-D76D-49A3-AB96-207D7EDFB1B1}"
EndProject
Project("{9A19103F-16F7-4668-BE54-9A1E7A4F7556}") = "14.ManualResetEventSlimAndSemaphoreSlim", "14.ManualResetEventSlimAndSemaphoreSlim\14.ManualResetEventSlimAndSemaphoreSlim.csproj", "{7B3EDEB5-EB52-4DB1-9913-5FC5536B3E61}"
EndProject
Project("{9A19103F-16F7-4668-BE54-9A1E7A4F7556}") = "15.ParallelInvokeForForeach", "15.ParallelInvokeForForeach\15.ParallelInvokeForForeach.csproj", "{EC61C27F-81DF-4F94-9166-136163A1EBE4}"
EndProject
Project("{9A19103F-16F7-4668-BE54-9A1E7A4F7556}") = "16.BreakingParralelLoops", "16.BreakingParralelLoops\16.BreakingParralelLoops.csproj", "{FEF6DCDD-4660-4DC9-BDC9-F289077F088A}"
EndProject
Project("{9A19103F-16F7-4668-BE54-9A1E7A4F7556}") = "17.ThreadLocalStorage", "17.ThreadLocalStorage\17.ThreadLocalStorage.csproj", "{93AA0C73-3108-4F9B-A608-806E683586F9}"
EndProject
Project("{FAE04EC0-301F-11D3-BF4B-00C04F79EFBC}") = "18.Partitioning", "18.Partitioning\18.Partitioning.csproj", "{8BFE2EAE-8902-4B64-82BE-99BA1E631D88}"
EndProject
Project("{FAE04EC0-301F-11D3-BF4B-00C04F79EFBC}") = "19.AsParallelParallelQuery", "19.AsParallelParallelQuery\19.AsParallelParallelQuery.csproj", "{340F4E78-00EA-4FA7-B125-AA5807F33C66}"
EndProject
Global
	GlobalSection(SolutionConfigurationPlatforms) = preSolution
		Debug|Any CPU = Debug|Any CPU
		Release|Any CPU = Release|Any CPU
	EndGlobalSection
	GlobalSection(ProjectConfigurationPlatforms) = postSolution
		{94B7B629-1359-4AC3-AFBB-ACB9B1A8C16A}.Debug|Any CPU.ActiveCfg = Debug|Any CPU
		{94B7B629-1359-4AC3-AFBB-ACB9B1A8C16A}.Debug|Any CPU.Build.0 = Debug|Any CPU
		{94B7B629-1359-4AC3-AFBB-ACB9B1A8C16A}.Release|Any CPU.ActiveCfg = Release|Any CPU
		{94B7B629-1359-4AC3-AFBB-ACB9B1A8C16A}.Release|Any CPU.Build.0 = Release|Any CPU
		{9D88855F-7575-4982-90CD-84F192897BFC}.Debug|Any CPU.ActiveCfg = Debug|Any CPU
		{9D88855F-7575-4982-90CD-84F192897BFC}.Debug|Any CPU.Build.0 = Debug|Any CPU
		{9D88855F-7575-4982-90CD-84F192897BFC}.Release|Any CPU.ActiveCfg = Release|Any CPU
		{9D88855F-7575-4982-90CD-84F192897BFC}.Release|Any CPU.Build.0 = Release|Any CPU
		{4166EBAA-B227-4669-82DC-F16B66270456}.Debug|Any CPU.ActiveCfg = Debug|Any CPU
		{4166EBAA-B227-4669-82DC-F16B66270456}.Debug|Any CPU.Build.0 = Debug|Any CPU
		{4166EBAA-B227-4669-82DC-F16B66270456}.Release|Any CPU.ActiveCfg = Release|Any CPU
		{4166EBAA-B227-4669-82DC-F16B66270456}.Release|Any CPU.Build.0 = Release|Any CPU
		{22CEBC67-482E-4566-9756-69AC762CA026}.Debug|Any CPU.ActiveCfg = Debug|Any CPU
		{22CEBC67-482E-4566-9756-69AC762CA026}.Debug|Any CPU.Build.0 = Debug|Any CPU
		{22CEBC67-482E-4566-9756-69AC762CA026}.Release|Any CPU.ActiveCfg = Release|Any CPU
		{22CEBC67-482E-4566-9756-69AC762CA026}.Release|Any CPU.Build.0 = Release|Any CPU
		{0EDA072B-4FEB-4713-BBCE-AC64097A0DD1}.Debug|Any CPU.ActiveCfg = Debug|Any CPU
		{0EDA072B-4FEB-4713-BBCE-AC64097A0DD1}.Debug|Any CPU.Build.0 = Debug|Any CPU
		{0EDA072B-4FEB-4713-BBCE-AC64097A0DD1}.Release|Any CPU.ActiveCfg = Release|Any CPU
		{0EDA072B-4FEB-4713-BBCE-AC64097A0DD1}.Release|Any CPU.Build.0 = Release|Any CPU
		{9B5D91B5-0B35-45BD-A605-969AD3B70D0D}.Debug|Any CPU.ActiveCfg = Debug|Any CPU
		{9B5D91B5-0B35-45BD-A605-969AD3B70D0D}.Debug|Any CPU.Build.0 = Debug|Any CPU
		{9B5D91B5-0B35-45BD-A605-969AD3B70D0D}.Release|Any CPU.ActiveCfg = Release|Any CPU
		{9B5D91B5-0B35-45BD-A605-969AD3B70D0D}.Release|Any CPU.Build.0 = Release|Any CPU
		{E7E44C39-4C7C-45D4-A8A6-96DC38E97023}.Debug|Any CPU.ActiveCfg = Debug|Any CPU
		{E7E44C39-4C7C-45D4-A8A6-96DC38E97023}.Debug|Any CPU.Build.0 = Debug|Any CPU
		{E7E44C39-4C7C-45D4-A8A6-96DC38E97023}.Release|Any CPU.ActiveCfg = Release|Any CPU
		{E7E44C39-4C7C-45D4-A8A6-96DC38E97023}.Release|Any CPU.Build.0 = Release|Any CPU
		{F65396A0-5BBC-498A-B046-D4CB588974C2}.Debug|Any CPU.ActiveCfg = Debug|Any CPU
		{F65396A0-5BBC-498A-B046-D4CB588974C2}.Debug|Any CPU.Build.0 = Debug|Any CPU
		{F65396A0-5BBC-498A-B046-D4CB588974C2}.Release|Any CPU.ActiveCfg = Release|Any CPU
		{F65396A0-5BBC-498A-B046-D4CB588974C2}.Release|Any CPU.Build.0 = Release|Any CPU
		{F9D29D4F-A46E-4B42-9E8C-D9FD23E93A51}.Debug|Any CPU.ActiveCfg = Debug|Any CPU
		{F9D29D4F-A46E-4B42-9E8C-D9FD23E93A51}.Debug|Any CPU.Build.0 = Debug|Any CPU
		{F9D29D4F-A46E-4B42-9E8C-D9FD23E93A51}.Release|Any CPU.ActiveCfg = Release|Any CPU
		{F9D29D4F-A46E-4B42-9E8C-D9FD23E93A51}.Release|Any CPU.Build.0 = Release|Any CPU
		{DBC5AC7C-D11F-4E68-A7C6-D97964D4D3EF}.Debug|Any CPU.ActiveCfg = Debug|Any CPU
		{DBC5AC7C-D11F-4E68-A7C6-D97964D4D3EF}.Debug|Any CPU.Build.0 = Debug|Any CPU
		{DBC5AC7C-D11F-4E68-A7C6-D97964D4D3EF}.Release|Any CPU.ActiveCfg = Release|Any CPU
		{DBC5AC7C-D11F-4E68-A7C6-D97964D4D3EF}.Release|Any CPU.Build.0 = Release|Any CPU
		{8C246F3B-759B-4C53-B8FE-17CA7CFF4E58}.Debug|Any CPU.ActiveCfg = Debug|Any CPU
		{8C246F3B-759B-4C53-B8FE-17CA7CFF4E58}.Debug|Any CPU.Build.0 = Debug|Any CPU
		{8C246F3B-759B-4C53-B8FE-17CA7CFF4E58}.Release|Any CPU.ActiveCfg = Release|Any CPU
		{8C246F3B-759B-4C53-B8FE-17CA7CFF4E58}.Release|Any CPU.Build.0 = Release|Any CPU
		{53A61282-ED28-4EA9-BD67-72EE0CCE0B7D}.Debug|Any CPU.ActiveCfg = Debug|Any CPU
		{53A61282-ED28-4EA9-BD67-72EE0CCE0B7D}.Debug|Any CPU.Build.0 = Debug|Any CPU
		{53A61282-ED28-4EA9-BD67-72EE0CCE0B7D}.Release|Any CPU.ActiveCfg = Release|Any CPU
		{53A61282-ED28-4EA9-BD67-72EE0CCE0B7D}.Release|Any CPU.Build.0 = Release|Any CPU
		{9DC45D2D-D76D-49A3-AB96-207D7EDFB1B1}.Debug|Any CPU.ActiveCfg = Debug|Any CPU
		{9DC45D2D-D76D-49A3-AB96-207D7EDFB1B1}.Debug|Any CPU.Build.0 = Debug|Any CPU
		{9DC45D2D-D76D-49A3-AB96-207D7EDFB1B1}.Release|Any CPU.ActiveCfg = Release|Any CPU
		{9DC45D2D-D76D-49A3-AB96-207D7EDFB1B1}.Release|Any CPU.Build.0 = Release|Any CPU
		{7B3EDEB5-EB52-4DB1-9913-5FC5536B3E61}.Debug|Any CPU.ActiveCfg = Debug|Any CPU
		{7B3EDEB5-EB52-4DB1-9913-5FC5536B3E61}.Debug|Any CPU.Build.0 = Debug|Any CPU
		{7B3EDEB5-EB52-4DB1-9913-5FC5536B3E61}.Release|Any CPU.ActiveCfg = Release|Any CPU
		{7B3EDEB5-EB52-4DB1-9913-5FC5536B3E61}.Release|Any CPU.Build.0 = Release|Any CPU
		{EC61C27F-81DF-4F94-9166-136163A1EBE4}.Debug|Any CPU.ActiveCfg = Debug|Any CPU
		{EC61C27F-81DF-4F94-9166-136163A1EBE4}.Debug|Any CPU.Build.0 = Debug|Any CPU
		{EC61C27F-81DF-4F94-9166-136163A1EBE4}.Release|Any CPU.ActiveCfg = Release|Any CPU
		{EC61C27F-81DF-4F94-9166-136163A1EBE4}.Release|Any CPU.Build.0 = Release|Any CPU
		{FEF6DCDD-4660-4DC9-BDC9-F289077F088A}.Debug|Any CPU.ActiveCfg = Debug|Any CPU
		{FEF6DCDD-4660-4DC9-BDC9-F289077F088A}.Debug|Any CPU.Build.0 = Debug|Any CPU
		{FEF6DCDD-4660-4DC9-BDC9-F289077F088A}.Release|Any CPU.ActiveCfg = Release|Any CPU
		{FEF6DCDD-4660-4DC9-BDC9-F289077F088A}.Release|Any CPU.Build.0 = Release|Any CPU
		{93AA0C73-3108-4F9B-A608-806E683586F9}.Debug|Any CPU.ActiveCfg = Debug|Any CPU
		{93AA0C73-3108-4F9B-A608-806E683586F9}.Debug|Any CPU.Build.0 = Debug|Any CPU
		{93AA0C73-3108-4F9B-A608-806E683586F9}.Release|Any CPU.ActiveCfg = Release|Any CPU
		{93AA0C73-3108-4F9B-A608-806E683586F9}.Release|Any CPU.Build.0 = Release|Any CPU
		{8BFE2EAE-8902-4B64-82BE-99BA1E631D88}.Debug|Any CPU.ActiveCfg = Debug|Any CPU
		{8BFE2EAE-8902-4B64-82BE-99BA1E631D88}.Debug|Any CPU.Build.0 = Debug|Any CPU
		{8BFE2EAE-8902-4B64-82BE-99BA1E631D88}.Release|Any CPU.ActiveCfg = Release|Any CPU
		{8BFE2EAE-8902-4B64-82BE-99BA1E631D88}.Release|Any CPU.Build.0 = Release|Any CPU
		{340F4E78-00EA-4FA7-B125-AA5807F33C66}.Debug|Any CPU.ActiveCfg = Debug|Any CPU
		{340F4E78-00EA-4FA7-B125-AA5807F33C66}.Debug|Any CPU.Build.0 = Debug|Any CPU
		{340F4E78-00EA-4FA7-B125-AA5807F33C66}.Release|Any CPU.ActiveCfg = Release|Any CPU
		{340F4E78-00EA-4FA7-B125-AA5807F33C66}.Release|Any CPU.Build.0 = Release|Any CPU
	EndGlobalSection
	GlobalSection(SolutionProperties) = preSolution
		HideSolutionNode = FALSE
	EndGlobalSection
	GlobalSection(ExtensibilityGlobals) = postSolution
		SolutionGuid = {CA469353-2540-45D1-B7A1-2F21C96F3DE6}
	EndGlobalSection
EndGlobal
